Microsoft Visual Studio Solution File, Format Version 12.00
# Visual Studio Version 17
VisualStudioVersion = 17.5.2.0
MinimumVisualStudioVersion = 10.0.40219.1
Project("{FAE04EC0-301F-11D3-BF4B-00C04F79EFBC}") = "ModelsAndDependencyInjection", "ModelsAndDependencyInjection.csproj", "{6E929578-E3D9-F674-4A34-5EFBDD908405}"
EndProject
Global
	GlobalSection(SolutionConfigurationPlatforms) = preSolution
		Debug|Any CPU = Debug|Any CPU
		Release|Any CPU = Release|Any CPU
	EndGlobalSection
	GlobalSection(ProjectConfigurationPlatforms) = postSolution
		{6E929578-E3D9-F674-4A34-5EFBDD908405}.Debug|Any CPU.ActiveCfg = Debug|Any CPU
		{6E929578-E3D9-F674-4A34-5EFBDD908405}.Debug|Any CPU.Build.0 = Debug|Any CPU
		{6E929578-E3D9-F674-4A34-5EFBDD908405}.Release|Any CPU.ActiveCfg = Release|Any CPU
		{6E929578-E3D9-F674-4A34-5EFBDD908405}.Release|Any CPU.Build.0 = Release|Any CPU
	EndGlobalSection
	GlobalSection(SolutionProperties) = preSolution
		HideSolutionNode = FALSE
	EndGlobalSection
	GlobalSection(ExtensibilityGlobals) = postSolution
		SolutionGuid = {9E5AEE0A-2019-4D8B-90DD-6DCE4BDE46B4}
	EndGlobalSection
EndGlobal
