
Microsoft Visual Studio Solution File, Format Version 12.00
# Visual Studio Version 17
VisualStudioVersion = 17.5.002.0
MinimumVisualStudioVersion = 10.0.40219.1
Project("{9A19103F-16F7-4668-BE54-9A1E7A4F7556}") = "Assignment1", "Assignment1\Assignment1.csproj", "{0597EADA-9ECE-493A-8B38-D1040DCC7AE6}"
EndProject
Project("{9A19103F-16F7-4668-BE54-9A1E7A4F7556}") = "Assignment2", "Assignment2\Assignment2.csproj", "{6A26292A-BDB8-4BEB-93BE-1F490DD8BE17}"
EndProject
Global
	GlobalSection(SolutionConfigurationPlatforms) = preSolution
		Debug|Any CPU = Debug|Any CPU
		Release|Any CPU = Release|Any CPU
	EndGlobalSection
	GlobalSection(ProjectConfigurationPlatforms) = postSolution
		{0597EADA-9ECE-493A-8B38-D1040DCC7AE6}.Debug|Any CPU.ActiveCfg = Debug|Any CPU
		{0597EADA-9ECE-493A-8B38-D1040DCC7AE6}.Debug|Any CPU.Build.0 = Debug|Any CPU
		{0597EADA-9ECE-493A-8B38-D1040DCC7AE6}.Release|Any CPU.ActiveCfg = Release|Any CPU
		{0597EADA-9ECE-493A-8B38-D1040DCC7AE6}.Release|Any CPU.Build.0 = Release|Any CPU
		{6A26292A-BDB8-4BEB-93BE-1F490DD8BE17}.Debug|Any CPU.ActiveCfg = Debug|Any CPU
		{6A26292A-BDB8-4BEB-93BE-1F490DD8BE17}.Debug|Any CPU.Build.0 = Debug|Any CPU
		{6A26292A-BDB8-4BEB-93BE-1F490DD8BE17}.Release|Any CPU.ActiveCfg = Release|Any CPU
		{6A26292A-BDB8-4BEB-93BE-1F490DD8BE17}.Release|Any CPU.Build.0 = Release|Any CPU
	EndGlobalSection
	GlobalSection(SolutionProperties) = preSolution
		HideSolutionNode = FALSE
	EndGlobalSection
	GlobalSection(ExtensibilityGlobals) = postSolution
		SolutionGuid = {A4FB8245-3CEF-4D08-B0D5-64850DFCE735}
	EndGlobalSection
EndGlobal
